PODS:
  - JHPhotos (0.3.0):
    - Kingfisher (~> 3.10)
  - Kingfisher (3.10.4)

DEPENDENCIES:
  - JHPhotos (from `../JHPhotos.podspec`)

EXTERNAL SOURCES:
  JHPhotos:
    :path: "../JHPhotos.podspec"

SPEC CHECKSUMS:
  JHPhotos: 75932581df9359fd7a51a8d550bace138684b0d9
  Kingfisher: dc3a4983e86d2dfa89513664983a82340c11a289

PODFILE CHECKSUM: 1c02b3ad9da5ce645d7beb12acf280353d14453b

COCOAPODS: 1.2.1
