PODS:
  - JHPhotos (0.5.0):
    - Kingfisher (~> 5.0)
  - Kingfisher (5.11.0):
    - Kingfisher/Core (= 5.11.0)
  - Kingfisher/Core (5.11.0)

DEPENDENCIES:
  - JHPhotos (from `../JHPhotos.podspec`)

SPEC REPOS:
  trunk:
    - Kingfisher

EXTERNAL SOURCES:
  JHPhotos:
    :path: "../JHPhotos.podspec"

SPEC CHECKSUMS:
  JHPhotos: 1520612f56e0ee731645a4ffad9419310d844922
  Kingfisher: 4569606189149e19c7d9439f47e885d0679b7a90

PODFILE CHECKSUM: 1c02b3ad9da5ce645d7beb12acf280353d14453b

COCOAPODS: 1.8.4
