// !$*UTF8*$!
{
	archiveVersion = 1;
	classes = {
	};
	objectVersion = 46;
	objects = {

/* Begin PBXBuildFile section */
		4DE7CD2159DFEE3517501190 /* Pods_JHPhotos_Tests.framework in Frameworks */ = {isa = PBXBuildFile; fileRef = 22B0B12DB2F33AAB06F5DDFF /* Pods_JHPhotos_Tests.framework */; };
		607FACD61AFB9204008FA782 /* AppDelegate.swift in Sources */ = {isa = PBXBuildFile; fileRef = 607FACD51AFB9204008FA782 /* AppDelegate.swift */; };
		607FACD81AFB9204008FA782 /* ViewController.swift in Sources */ = {isa = PBXBuildFile; fileRef = 607FACD71AFB9204008FA782 /* ViewController.swift */; };
		607FACDB1AFB9204008FA782 /* Main.storyboard in Resources */ = {isa = PBXBuildFile; fileRef = 607FACD91AFB9204008FA782 /* Main.storyboard */; };
		607FACDD1AFB9204008FA782 /* Images.xcassets in Resources */ = {isa = PBXBuildFile; fileRef = 607FACDC1AFB9204008FA782 /* Images.xcassets */; };
		607FACE01AFB9204008FA782 /* LaunchScreen.xib in Resources */ = {isa = PBXBuildFile; fileRef = 607FACDE1AFB9204008FA782 /* LaunchScreen.xib */; };
		607FACEC1AFB9204008FA782 /* Tests.swift in Sources */ = {isa = PBXBuildFile; fileRef = 607FACEB1AFB9204008FA782 /* Tests.swift */; };
		C8A34F5D1F56A2CA00F7B249 /* CropView.swift in Sources */ = {isa = PBXBuildFile; fileRef = C8EFCB401F4EBFC7003F5DEF /* CropView.swift */; };
		C8A34F5E1F56A2CA00F7B249 /* CropToolbar.swift in Sources */ = {isa = PBXBuildFile; fileRef = C8EFCB431F4EC4B0003F5DEF /* CropToolbar.swift */; };
		C8A34F5F1F56A2CA00F7B249 /* CropOverlayView.swift in Sources */ = {isa = PBXBuildFile; fileRef = C85808F51F4D7C7A00A21B06 /* CropOverlayView.swift */; };
		C8A34F601F56A2CA00F7B249 /* CropViewController.swift in Sources */ = {isa = PBXBuildFile; fileRef = C8E19F041F553F74002405CC /* CropViewController.swift */; };
		C8A34F611F56A2CA00F7B249 /* CropImageTool.swift in Sources */ = {isa = PBXBuildFile; fileRef = C8A34F5B1F564D9200F7B249 /* CropImageTool.swift */; };
		C8A7115A1F0CBD33008C0B43 /* UploadViewController.swift in Sources */ = {isa = PBXBuildFile; fileRef = C8A711591F0CBD33008C0B43 /* UploadViewController.swift */; };
		C8EFCB421F4EC178003F5DEF /* TestViewController.swift in Sources */ = {isa = PBXBuildFile; fileRef = C8EFCB411F4EC0A4003F5DEF /* TestViewController.swift */; };
		DB613E28EA37D7AEE8B2E8DC /* Pods_JHPhotos_Example.framework in Frameworks */ = {isa = PBXBuildFile; fileRef = 1B1FB4B95A24F1A4DBB403A3 /* Pods_JHPhotos_Example.framework */; };
/* End PBXBuildFile section */

/* Begin PBXContainerItemProxy section */
		607FACE61AFB9204008FA782 /* PBXContainerItemProxy */ = {
			isa = PBXContainerItemProxy;
			containerPortal = 607FACC81AFB9204008FA782 /* Project object */;
			proxyType = 1;
			remoteGlobalIDString = 607FACCF1AFB9204008FA782;
			remoteInfo = JHPhotos;
		};
/* End PBXContainerItemProxy section */

/* Begin PBXFileReference section */
		0DC194619ABA7B1839F80EA0 /* LICENSE */ = {isa = PBXFileReference; includeInIndex = 1; lastKnownFileType = text; name = LICENSE; path = ../LICENSE; sourceTree = "<group>"; };
		1B1FB4B95A24F1A4DBB403A3 /* Pods_JHPhotos_Example.framework */ = {isa = PBXFileReference; explicitFileType = wrapper.framework; includeInIndex = 0; path = Pods_JHPhotos_Example.framework; sourceTree = BUILT_PRODUCTS_DIR; };
		22B0B12DB2F33AAB06F5DDFF /* Pods_JHPhotos_Tests.framework */ = {isa = PBXFileReference; explicitFileType = wrapper.framework; includeInIndex = 0; path = Pods_JHPhotos_Tests.framework; sourceTree = BUILT_PRODUCTS_DIR; };
		26E6E5D187F439576E40929F /* JHPhotos.podspec */ = {isa = PBXFileReference; includeInIndex = 1; lastKnownFileType = text; name = JHPhotos.podspec; path = ../JHPhotos.podspec; sourceTree = "<group>"; };
		607FACD01AFB9204008FA782 /* JHPhotos_Example.app */ = {isa = PBXFileReference; explicitFileType = wrapper.application; includeInIndex = 0; path = JHPhotos_Example.app; sourceTree = BUILT_PRODUCTS_DIR; };
		607FACD41AFB9204008FA782 /* Info.plist */ = {isa = PBXFileReference; lastKnownFileType = text.plist.xml; path = Info.plist; sourceTree = "<group>"; };
		607FACD51AFB9204008FA782 /* AppDelegate.swift */ = {isa = PBXFileReference; lastKnownFileType = sourcecode.swift; path = AppDelegate.swift; sourceTree = "<group>"; };
		607FACD71AFB9204008FA782 /* ViewController.swift */ = {isa = PBXFileReference; lastKnownFileType = sourcecode.swift; path = ViewController.swift; sourceTree = "<group>"; };
		607FACDA1AFB9204008FA782 /* Base */ = {isa = PBXFileReference; lastKnownFileType = file.storyboard; name = Base; path = Base.lproj/Main.storyboard; sourceTree = "<group>"; };
		607FACDC1AFB9204008FA782 /* Images.xcassets */ = {isa = PBXFileReference; lastKnownFileType = folder.assetcatalog; path = Images.xcassets; sourceTree = "<group>"; };
		607FACDF1AFB9204008FA782 /* Base */ = {isa = PBXFileReference; lastKnownFileType = file.xib; name = Base; path = Base.lproj/LaunchScreen.xib; sourceTree = "<group>"; };
		607FACE51AFB9204008FA782 /* JHPhotos_Tests.xctest */ = {isa = PBXFileReference; explicitFileType = wrapper.cfbundle; includeInIndex = 0; path = JHPhotos_Tests.xctest; sourceTree = BUILT_PRODUCTS_DIR; };
		607FACEA1AFB9204008FA782 /* Info.plist */ = {isa = PBXFileReference; lastKnownFileType = text.plist.xml; path = Info.plist; sourceTree = "<group>"; };
		607FACEB1AFB9204008FA782 /* Tests.swift */ = {isa = PBXFileReference; lastKnownFileType = sourcecode.swift; path = Tests.swift; sourceTree = "<group>"; };
		6F130EE563C7D4ADEEAF3ECC /* Pods-JHPhotos_Example.release.xcconfig */ = {isa = PBXFileReference; includeInIndex = 1; lastKnownFileType = text.xcconfig; name = "Pods-JHPhotos_Example.release.xcconfig"; path = "Pods/Target Support Files/Pods-JHPhotos_Example/Pods-JHPhotos_Example.release.xcconfig"; sourceTree = "<group>"; };
		C85808F51F4D7C7A00A21B06 /* CropOverlayView.swift */ = {isa = PBXFileReference; lastKnownFileType = sourcecode.swift; path = CropOverlayView.swift; sourceTree = "<group>"; };
		C88E36BD1F0C80B400B875D4 /* icon_upload_camera@2x.png */ = {isa = PBXFileReference; lastKnownFileType = image.png; path = "icon_upload_camera@2x.png"; sourceTree = "<group>"; };
		C88E36BE1F0C80B400B875D4 /* icon_upload_camera@3x.png */ = {isa = PBXFileReference; lastKnownFileType = image.png; path = "icon_upload_camera@3x.png"; sourceTree = "<group>"; };
		C88E36BF1F0C80B400B875D4 /* icon_upload_delete@2x.png */ = {isa = PBXFileReference; lastKnownFileType = image.png; path = "icon_upload_delete@2x.png"; sourceTree = "<group>"; };
		C88E36C01F0C80B400B875D4 /* icon_upload_delete@3x.png */ = {isa = PBXFileReference; lastKnownFileType = image.png; path = "icon_upload_delete@3x.png"; sourceTree = "<group>"; };
		C88E36C11F0C80B400B875D4 /* icon_upload_more@2x.png */ = {isa = PBXFileReference; lastKnownFileType = image.png; path = "icon_upload_more@2x.png"; sourceTree = "<group>"; };
		C88E36C21F0C80B400B875D4 /* icon_upload_more@3x.png */ = {isa = PBXFileReference; lastKnownFileType = image.png; path = "icon_upload_more@3x.png"; sourceTree = "<group>"; };
		C88E36C31F0C80B400B875D4 /* icon_upload_more_s@2x.png */ = {isa = PBXFileReference; lastKnownFileType = image.png; path = "icon_upload_more_s@2x.png"; sourceTree = "<group>"; };
		C88E36C41F0C80B400B875D4 /* icon_upload_more_s@3x.png */ = {isa = PBXFileReference; lastKnownFileType = image.png; path = "icon_upload_more_s@3x.png"; sourceTree = "<group>"; };
		C88E36CB1F0C80B400B875D4 /* icon_imageError@2x.png */ = {isa = PBXFileReference; lastKnownFileType = image.png; path = "icon_imageError@2x.png"; sourceTree = "<group>"; };
		C88E36CC1F0C80B400B875D4 /* icon_imageError@3x.png */ = {isa = PBXFileReference; lastKnownFileType = image.png; path = "icon_imageError@3x.png"; sourceTree = "<group>"; };
		C88E36CF1F0C80B400B875D4 /* icon_imageSelected_ON@2x.png */ = {isa = PBXFileReference; lastKnownFileType = image.png; path = "icon_imageSelected_ON@2x.png"; sourceTree = "<group>"; };
		C88E36D01F0C80B400B875D4 /* icon_imageSelected_ON@3x.png */ = {isa = PBXFileReference; lastKnownFileType = image.png; path = "icon_imageSelected_ON@3x.png"; sourceTree = "<group>"; };
		C88E36D11F0C80B400B875D4 /* PhotoAlbum.storyboard */ = {isa = PBXFileReference; lastKnownFileType = file.storyboard; name = PhotoAlbum.storyboard; path = ../../Assets/PhotoAlbum.storyboard; sourceTree = "<group>"; };
		C88E36D21F0C80B400B875D4 /* PhotoAlbumSelectCell.xib */ = {isa = PBXFileReference; lastKnownFileType = file.xib; name = PhotoAlbumSelectCell.xib; path = ../../Assets/PhotoAlbumSelectCell.xib; sourceTree = "<group>"; };
		C88E36D31F0C80B400B875D4 /* PhotoAlbumSelectView.xib */ = {isa = PBXFileReference; lastKnownFileType = file.xib; name = PhotoAlbumSelectView.xib; path = ../../Assets/PhotoAlbumSelectView.xib; sourceTree = "<group>"; };
		C88E36D41F0C80B400B875D4 /* icon_itemArrow_left@2x.png */ = {isa = PBXFileReference; lastKnownFileType = image.png; path = "icon_itemArrow_left@2x.png"; sourceTree = "<group>"; };
		C88E36D51F0C80B400B875D4 /* icon_itemArrow_left@3x.png */ = {isa = PBXFileReference; lastKnownFileType = image.png; path = "icon_itemArrow_left@3x.png"; sourceTree = "<group>"; };
		C88E36D61F0C80B400B875D4 /* icon_itemArrow_right@2x.png */ = {isa = PBXFileReference; lastKnownFileType = image.png; path = "icon_itemArrow_right@2x.png"; sourceTree = "<group>"; };
		C88E36D71F0C80B400B875D4 /* icon_itemArrow_right@3x.png */ = {isa = PBXFileReference; lastKnownFileType = image.png; path = "icon_itemArrow_right@3x.png"; sourceTree = "<group>"; };
		C88E36DA1F0C80B400B875D4 /* JHPhotoBrowserProtocol.swift */ = {isa = PBXFileReference; lastKnownFileType = sourcecode.swift; path = JHPhotoBrowserProtocol.swift; sourceTree = "<group>"; };
		C88E36DB1F0C80B400B875D4 /* Photo.swift */ = {isa = PBXFileReference; lastKnownFileType = sourcecode.swift; path = Photo.swift; sourceTree = "<group>"; };
		C88E36DC1F0C80B400B875D4 /* PhotoBrowser.swift */ = {isa = PBXFileReference; lastKnownFileType = sourcecode.swift; path = PhotoBrowser.swift; sourceTree = "<group>"; };
		C88E36DD1F0C80B400B875D4 /* TapDetectingImageView.swift */ = {isa = PBXFileReference; lastKnownFileType = sourcecode.swift; path = TapDetectingImageView.swift; sourceTree = "<group>"; };
		C88E36DE1F0C80B400B875D4 /* TapDetectingView.swift */ = {isa = PBXFileReference; lastKnownFileType = sourcecode.swift; path = TapDetectingView.swift; sourceTree = "<group>"; };
		C88E36DF1F0C80B400B875D4 /* ZoomingScrollView.swift */ = {isa = PBXFileReference; lastKnownFileType = sourcecode.swift; path = ZoomingScrollView.swift; sourceTree = "<group>"; };
		C88E36E11F0C80B400B875D4 /* CircularProgressLayer.swift */ = {isa = PBXFileReference; lastKnownFileType = sourcecode.swift; path = CircularProgressLayer.swift; sourceTree = "<group>"; };
		C88E36E21F0C80B400B875D4 /* SystemHelper.swift */ = {isa = PBXFileReference; lastKnownFileType = sourcecode.swift; path = SystemHelper.swift; sourceTree = "<group>"; };
		C88E36E41F0C80B400B875D4 /* PhotoAlbumCell.swift */ = {isa = PBXFileReference; lastKnownFileType = sourcecode.swift; path = PhotoAlbumCell.swift; sourceTree = "<group>"; };
		C88E36E51F0C80B400B875D4 /* PhotoAlbumSelectCell.swift */ = {isa = PBXFileReference; lastKnownFileType = sourcecode.swift; path = PhotoAlbumSelectCell.swift; sourceTree = "<group>"; };
		C88E36E61F0C80B400B875D4 /* PhotoAlbumSelectView.swift */ = {isa = PBXFileReference; lastKnownFileType = sourcecode.swift; path = PhotoAlbumSelectView.swift; sourceTree = "<group>"; };
		C88E36E71F0C80B400B875D4 /* PhotoAlbumTool.swift */ = {isa = PBXFileReference; lastKnownFileType = sourcecode.swift; path = PhotoAlbumTool.swift; sourceTree = "<group>"; };
		C88E36E81F0C80B400B875D4 /* PhotoAlbumViewController.swift */ = {isa = PBXFileReference; lastKnownFileType = sourcecode.swift; path = PhotoAlbumViewController.swift; sourceTree = "<group>"; };
		C88E36E91F0C80B400B875D4 /* RightImageButton.swift */ = {isa = PBXFileReference; lastKnownFileType = sourcecode.swift; path = RightImageButton.swift; sourceTree = "<group>"; };
		C88E36EB1F0C80B400B875D4 /* SelectImageView.swift */ = {isa = PBXFileReference; lastKnownFileType = sourcecode.swift; path = SelectImageView.swift; sourceTree = "<group>"; };
		C88E36ED1F0C80B400B875D4 /* UploadPhotoProtocol.swift */ = {isa = PBXFileReference; lastKnownFileType = sourcecode.swift; path = UploadPhotoProtocol.swift; sourceTree = "<group>"; };
		C88E36EE1F0C80B400B875D4 /* UploadPhotoView.swift */ = {isa = PBXFileReference; lastKnownFileType = sourcecode.swift; path = UploadPhotoView.swift; sourceTree = "<group>"; };
		C89C9A7B1F1465EB00B22D29 /* icon_upload_add@2x.png */ = {isa = PBXFileReference; lastKnownFileType = image.png; path = "icon_upload_add@2x.png"; sourceTree = "<group>"; };
		C89C9A7C1F1465EB00B22D29 /* icon_upload_add@3x.png */ = {isa = PBXFileReference; lastKnownFileType = image.png; path = "icon_upload_add@3x.png"; sourceTree = "<group>"; };
		C89C9A7D1F146A8A00B22D29 /* icon_imageSelected_OFF@3x.png */ = {isa = PBXFileReference; lastKnownFileType = image.png; path = "icon_imageSelected_OFF@3x.png"; sourceTree = "<group>"; };
		C89C9A7E1F146A8A00B22D29 /* icon_imageSelected_OFF@2x.png */ = {isa = PBXFileReference; lastKnownFileType = image.png; path = "icon_imageSelected_OFF@2x.png"; sourceTree = "<group>"; };
		C8A34F5B1F564D9200F7B249 /* CropImageTool.swift */ = {isa = PBXFileReference; fileEncoding = 4; lastKnownFileType = sourcecode.swift; path = CropImageTool.swift; sourceTree = "<group>"; };
		C8A49EF61F457BF8002B8856 /* DragCellCollectionView.swift */ = {isa = PBXFileReference; lastKnownFileType = sourcecode.swift; path = DragCellCollectionView.swift; sourceTree = "<group>"; };
		C8A49EF71F457F8C002B8856 /* UploadImageCell.swift */ = {isa = PBXFileReference; lastKnownFileType = sourcecode.swift; path = UploadImageCell.swift; sourceTree = "<group>"; };
		C8A711591F0CBD33008C0B43 /* UploadViewController.swift */ = {isa = PBXFileReference; fileEncoding = 4; lastKnownFileType = sourcecode.swift; path = UploadViewController.swift; sourceTree = "<group>"; };
		C8E19F041F553F74002405CC /* CropViewController.swift */ = {isa = PBXFileReference; fileEncoding = 4; lastKnownFileType = sourcecode.swift; path = CropViewController.swift; sourceTree = "<group>"; };
		C8EFCB401F4EBFC7003F5DEF /* CropView.swift */ = {isa = PBXFileReference; lastKnownFileType = sourcecode.swift; path = CropView.swift; sourceTree = "<group>"; };
		C8EFCB411F4EC0A4003F5DEF /* TestViewController.swift */ = {isa = PBXFileReference; lastKnownFileType = sourcecode.swift; path = TestViewController.swift; sourceTree = "<group>"; };
		C8EFCB431F4EC4B0003F5DEF /* CropToolbar.swift */ = {isa = PBXFileReference; lastKnownFileType = sourcecode.swift; path = CropToolbar.swift; sourceTree = "<group>"; };
		CAEE656F2FDC09718FC1CE8A /* README.md */ = {isa = PBXFileReference; includeInIndex = 1; lastKnownFileType = net.daringfireball.markdown; name = README.md; path = ../README.md; sourceTree = "<group>"; };
		CC236F014BD469B1940743FA /* Pods-JHPhotos_Tests.debug.xcconfig */ = {isa = PBXFileReference; includeInIndex = 1; lastKnownFileType = text.xcconfig; name = "Pods-JHPhotos_Tests.debug.xcconfig"; path = "Pods/Target Support Files/Pods-JHPhotos_Tests/Pods-JHPhotos_Tests.debug.xcconfig"; sourceTree = "<group>"; };
		D4BC88ACF5DCABF0BDBD2AB1 /* Pods-JHPhotos_Example.debug.xcconfig */ = {isa = PBXFileReference; includeInIndex = 1; lastKnownFileType = text.xcconfig; name = "Pods-JHPhotos_Example.debug.xcconfig"; path = "Pods/Target Support Files/Pods-JHPhotos_Example/Pods-JHPhotos_Example.debug.xcconfig"; sourceTree = "<group>"; };
		EA4E70050F07B9B655BF0CDB /* Pods-JHPhotos_Tests.release.xcconfig */ = {isa = PBXFileReference; includeInIndex = 1; lastKnownFileType = text.xcconfig; name = "Pods-JHPhotos_Tests.release.xcconfig"; path = "Pods/Target Support Files/Pods-JHPhotos_Tests/Pods-JHPhotos_Tests.release.xcconfig"; sourceTree = "<group>"; };
/* End PBXFileReference section */

/* Begin PBXFrameworksBuildPhase section */
		607FACCD1AFB9204008FA782 /* Frameworks */ = {
			isa = PBXFrameworksBuildPhase;
			buildActionMask = 2147483647;
			files = (
				DB613E28EA37D7AEE8B2E8DC /* Pods_JHPhotos_Example.framework in Frameworks */,
			);
			runOnlyForDeploymentPostprocessing = 0;
		};
		607FACE21AFB9204008FA782 /* Frameworks */ = {
			isa = PBXFrameworksBuildPhase;
			buildActionMask = 2147483647;
			files = (
				4DE7CD2159DFEE3517501190 /* Pods_JHPhotos_Tests.framework in Frameworks */,
			);
			runOnlyForDeploymentPostprocessing = 0;
		};
/* End PBXFrameworksBuildPhase section */

/* Begin PBXGroup section */
		4808740A7D24D9BCD765121E /* Frameworks */ = {
			isa = PBXGroup;
			children = (
				1B1FB4B95A24F1A4DBB403A3 /* Pods_JHPhotos_Example.framework */,
				22B0B12DB2F33AAB06F5DDFF /* Pods_JHPhotos_Tests.framework */,
			);
			name = Frameworks;
			sourceTree = "<group>";
		};
		59EE8F471BC365659221FE3A /* Pods */ = {
			isa = PBXGroup;
			children = (
				D4BC88ACF5DCABF0BDBD2AB1 /* Pods-JHPhotos_Example.debug.xcconfig */,
				6F130EE563C7D4ADEEAF3ECC /* Pods-JHPhotos_Example.release.xcconfig */,
				CC236F014BD469B1940743FA /* Pods-JHPhotos_Tests.debug.xcconfig */,
				EA4E70050F07B9B655BF0CDB /* Pods-JHPhotos_Tests.release.xcconfig */,
			);
			name = Pods;
			sourceTree = "<group>";
		};
		607FACC71AFB9204008FA782 = {
			isa = PBXGroup;
			children = (
				C88E36BB1F0C80B400B875D4 /* JHPhotos */,
				607FACF51AFB993E008FA782 /* Podspec Metadata */,
				607FACD21AFB9204008FA782 /* Example for JHPhotos */,
				607FACE81AFB9204008FA782 /* Tests */,
				607FACD11AFB9204008FA782 /* Products */,
				59EE8F471BC365659221FE3A /* Pods */,
				4808740A7D24D9BCD765121E /* Frameworks */,
			);
			sourceTree = "<group>";
		};
		607FACD11AFB9204008FA782 /* Products */ = {
			isa = PBXGroup;
			children = (
				607FACD01AFB9204008FA782 /* JHPhotos_Example.app */,
				607FACE51AFB9204008FA782 /* JHPhotos_Tests.xctest */,
			);
			name = Products;
			sourceTree = "<group>";
		};
		607FACD21AFB9204008FA782 /* Example for JHPhotos */ = {
			isa = PBXGroup;
			children = (
				607FACD51AFB9204008FA782 /* AppDelegate.swift */,
				607FACD71AFB9204008FA782 /* ViewController.swift */,
				C8A711591F0CBD33008C0B43 /* UploadViewController.swift */,
				C8EFCB411F4EC0A4003F5DEF /* TestViewController.swift */,
				607FACD91AFB9204008FA782 /* Main.storyboard */,
				607FACDC1AFB9204008FA782 /* Images.xcassets */,
				607FACDE1AFB9204008FA782 /* LaunchScreen.xib */,
				607FACD31AFB9204008FA782 /* Supporting Files */,
			);
			name = "Example for JHPhotos";
			path = JHPhotos;
			sourceTree = "<group>";
		};
		607FACD31AFB9204008FA782 /* Supporting Files */ = {
			isa = PBXGroup;
			children = (
				607FACD41AFB9204008FA782 /* Info.plist */,
			);
			name = "Supporting Files";
			sourceTree = "<group>";
		};
		607FACE81AFB9204008FA782 /* Tests */ = {
			isa = PBXGroup;
			children = (
				607FACEB1AFB9204008FA782 /* Tests.swift */,
				607FACE91AFB9204008FA782 /* Supporting Files */,
			);
			path = Tests;
			sourceTree = "<group>";
		};
		607FACE91AFB9204008FA782 /* Supporting Files */ = {
			isa = PBXGroup;
			children = (
				607FACEA1AFB9204008FA782 /* Info.plist */,
			);
			name = "Supporting Files";
			sourceTree = "<group>";
		};
		607FACF51AFB993E008FA782 /* Podspec Metadata */ = {
			isa = PBXGroup;
			children = (
				26E6E5D187F439576E40929F /* JHPhotos.podspec */,
				CAEE656F2FDC09718FC1CE8A /* README.md */,
				0DC194619ABA7B1839F80EA0 /* LICENSE */,
			);
			name = "Podspec Metadata";
			sourceTree = "<group>";
		};
		C85808F41F4D751400A21B06 /* PhotoEdit */ = {
			isa = PBXGroup;
			children = (
				C8EFCB401F4EBFC7003F5DEF /* CropView.swift */,
				C8EFCB431F4EC4B0003F5DEF /* CropToolbar.swift */,
				C85808F51F4D7C7A00A21B06 /* CropOverlayView.swift */,
				C8E19F041F553F74002405CC /* CropViewController.swift */,
				C8A34F5B1F564D9200F7B249 /* CropImageTool.swift */,
			);
			path = PhotoEdit;
			sourceTree = "<group>";
		};
		C88E36BB1F0C80B400B875D4 /* JHPhotos */ = {
			isa = PBXGroup;
			children = (
				C88E36BC1F0C80B400B875D4 /* Assets */,
				C88E36D81F0C80B400B875D4 /* Classes */,
			);
			name = JHPhotos;
			path = ../JHPhotos;
			sourceTree = "<group>";
		};
		C88E36BC1F0C80B400B875D4 /* Assets */ = {
			isa = PBXGroup;
			children = (
				C89C9A7B1F1465EB00B22D29 /* icon_upload_add@2x.png */,
				C89C9A7C1F1465EB00B22D29 /* icon_upload_add@3x.png */,
				C88E36BD1F0C80B400B875D4 /* icon_upload_camera@2x.png */,
				C88E36BE1F0C80B400B875D4 /* icon_upload_camera@3x.png */,
				C88E36BF1F0C80B400B875D4 /* icon_upload_delete@2x.png */,
				C88E36C01F0C80B400B875D4 /* icon_upload_delete@3x.png */,
				C88E36C11F0C80B400B875D4 /* icon_upload_more@2x.png */,
				C88E36C21F0C80B400B875D4 /* icon_upload_more@3x.png */,
				C88E36C31F0C80B400B875D4 /* icon_upload_more_s@2x.png */,
				C88E36C41F0C80B400B875D4 /* icon_upload_more_s@3x.png */,
				C88E36CB1F0C80B400B875D4 /* icon_imageError@2x.png */,
				C88E36CC1F0C80B400B875D4 /* icon_imageError@3x.png */,
				C89C9A7E1F146A8A00B22D29 /* icon_imageSelected_OFF@2x.png */,
				C89C9A7D1F146A8A00B22D29 /* icon_imageSelected_OFF@3x.png */,
				C88E36CF1F0C80B400B875D4 /* icon_imageSelected_ON@2x.png */,
				C88E36D01F0C80B400B875D4 /* icon_imageSelected_ON@3x.png */,
				C88E36D41F0C80B400B875D4 /* icon_itemArrow_left@2x.png */,
				C88E36D51F0C80B400B875D4 /* icon_itemArrow_left@3x.png */,
				C88E36D61F0C80B400B875D4 /* icon_itemArrow_right@2x.png */,
				C88E36D71F0C80B400B875D4 /* icon_itemArrow_right@3x.png */,
			);
			path = Assets;
			sourceTree = "<group>";
		};
		C88E36D81F0C80B400B875D4 /* Classes */ = {
			isa = PBXGroup;
			children = (
				C85808F41F4D751400A21B06 /* PhotoEdit */,
				C88E36D91F0C80B400B875D4 /* PhotoBrowser */,
				C88E36E01F0C80B400B875D4 /* PhotoOther */,
				C88E36E31F0C80B400B875D4 /* PhotoPicker */,
				C88E36EA1F0C80B400B875D4 /* PhotoUpload */,
			);
			path = Classes;
			sourceTree = "<group>";
		};
		C88E36D91F0C80B400B875D4 /* PhotoBrowser */ = {
			isa = PBXGroup;
			children = (
				C88E36DA1F0C80B400B875D4 /* JHPhotoBrowserProtocol.swift */,
				C88E36DB1F0C80B400B875D4 /* Photo.swift */,
				C88E36DC1F0C80B400B875D4 /* PhotoBrowser.swift */,
				C88E36DD1F0C80B400B875D4 /* TapDetectingImageView.swift */,
				C88E36DE1F0C80B400B875D4 /* TapDetectingView.swift */,
				C88E36DF1F0C80B400B875D4 /* ZoomingScrollView.swift */,
			);
			path = PhotoBrowser;
			sourceTree = "<group>";
		};
		C88E36E01F0C80B400B875D4 /* PhotoOther */ = {
			isa = PBXGroup;
			children = (
				C88E36E11F0C80B400B875D4 /* CircularProgressLayer.swift */,
				C88E36E21F0C80B400B875D4 /* SystemHelper.swift */,
			);
			path = PhotoOther;
			sourceTree = "<group>";
		};
		C88E36E31F0C80B400B875D4 /* PhotoPicker */ = {
			isa = PBXGroup;
			children = (
				C88E36D11F0C80B400B875D4 /* PhotoAlbum.storyboard */,
				C88E36E81F0C80B400B875D4 /* PhotoAlbumViewController.swift */,
				C88E36E41F0C80B400B875D4 /* PhotoAlbumCell.swift */,
				C88E36D21F0C80B400B875D4 /* PhotoAlbumSelectCell.xib */,
				C88E36E51F0C80B400B875D4 /* PhotoAlbumSelectCell.swift */,
				C88E36D31F0C80B400B875D4 /* PhotoAlbumSelectView.xib */,
				C88E36E61F0C80B400B875D4 /* PhotoAlbumSelectView.swift */,
				C88E36E71F0C80B400B875D4 /* PhotoAlbumTool.swift */,
				C88E36E91F0C80B400B875D4 /* RightImageButton.swift */,
			);
			path = PhotoPicker;
			sourceTree = "<group>";
		};
		C88E36EA1F0C80B400B875D4 /* PhotoUpload */ = {
			isa = PBXGroup;
			children = (
				C88E36EB1F0C80B400B875D4 /* SelectImageView.swift */,
				C88E36ED1F0C80B400B875D4 /* UploadPhotoProtocol.swift */,
				C88E36EE1F0C80B400B875D4 /* UploadPhotoView.swift */,
				C8A49EF71F457F8C002B8856 /* UploadImageCell.swift */,
				C8A49EF61F457BF8002B8856 /* DragCellCollectionView.swift */,
			);
			path = PhotoUpload;
			sourceTree = "<group>";
		};
/* End PBXGroup section */

/* Begin PBXNativeTarget section */
		607FACCF1AFB9204008FA782 /* JHPhotos_Example */ = {
			isa = PBXNativeTarget;
			buildConfigurationList = 607FACEF1AFB9204008FA782 /* Build configuration list for PBXNativeTarget "JHPhotos_Example" */;
			buildPhases = (
				B0A69BBA7E281244D6D2FCAA /* [CP] Check Pods Manifest.lock */,
				607FACCC1AFB9204008FA782 /* Sources */,
				607FACCD1AFB9204008FA782 /* Frameworks */,
				607FACCE1AFB9204008FA782 /* Resources */,
				E135A8409DD87AF3DE147FA9 /* [CP] Embed Pods Frameworks */,
				0ABEC1B92562ACD00C4B2BD1 /* [CP] Copy Pods Resources */,
			);
			buildRules = (
			);
			dependencies = (
			);
			name = JHPhotos_Example;
			productName = JHPhotos;
			productReference = 607FACD01AFB9204008FA782 /* JHPhotos_Example.app */;
			productType = "com.apple.product-type.application";
		};
		607FACE41AFB9204008FA782 /* JHPhotos_Tests */ = {
			isa = PBXNativeTarget;
			buildConfigurationList = 607FACF21AFB9204008FA782 /* Build configuration list for PBXNativeTarget "JHPhotos_Tests" */;
			buildPhases = (
				9F3395E5547CBB01FF21FEC2 /* [CP] Check Pods Manifest.lock */,
				607FACE11AFB9204008FA782 /* Sources */,
				607FACE21AFB9204008FA782 /* Frameworks */,
				607FACE31AFB9204008FA782 /* Resources */,
				176973D8953F501072C5B764 /* [CP] Embed Pods Frameworks */,
				706974AFA1B545B6DE5922A1 /* [CP] Copy Pods Resources */,
			);
			buildRules = (
			);
			dependencies = (
				607FACE71AFB9204008FA782 /* PBXTargetDependency */,
			);
			name = JHPhotos_Tests;
			productName = Tests;
			productReference = 607FACE51AFB9204008FA782 /* JHPhotos_Tests.xctest */;
			productType = "com.apple.product-type.bundle.unit-test";
		};
/* End PBXNativeTarget section */

/* Begin PBXProject section */
		607FACC81AFB9204008FA782 /* Project object */ = {
			isa = PBXProject;
			attributes = {
				LastSwiftUpdateCheck = 0720;
				LastUpgradeCheck = 0820;
				ORGANIZATIONNAME = DJ;
				TargetAttributes = {
					607FACCF1AFB9204008FA782 = {
						CreatedOnToolsVersion = 6.3.1;
						DevelopmentTeam = L27NWNZJ2R;
						LastSwiftMigration = 0820;
					};
					607FACE41AFB9204008FA782 = {
						CreatedOnToolsVersion = 6.3.1;
						LastSwiftMigration = 0820;
						TestTargetID = 607FACCF1AFB9204008FA782;
					};
				};
			};
			buildConfigurationList = 607FACCB1AFB9204008FA782 /* Build configuration list for PBXProject "JHPhotos" */;
			compatibilityVersion = "Xcode 3.2";
			developmentRegion = English;
			hasScannedForEncodings = 0;
			knownRegions = (
				en,
				Base,
			);
			mainGroup = 607FACC71AFB9204008FA782;
			productRefGroup = 607FACD11AFB9204008FA782 /* Products */;
			projectDirPath = "";
			projectRoot = "";
			targets = (
				607FACCF1AFB9204008FA782 /* JHPhotos_Example */,
				607FACE41AFB9204008FA782 /* JHPhotos_Tests */,
			);
		};
/* End PBXProject section */

/* Begin PBXResourcesBuildPhase section */
		607FACCE1AFB9204008FA782 /* Resources */ = {
			isa = PBXResourcesBuildPhase;
			buildActionMask = 2147483647;
			files = (
				607FACDB1AFB9204008FA782 /* Main.storyboard in Resources */,
				607FACE01AFB9204008FA782 /* LaunchScreen.xib in Resources */,
				607FACDD1AFB9204008FA782 /* Images.xcassets in Resources */,
			);
			runOnlyForDeploymentPostprocessing = 0;
		};
		607FACE31AFB9204008FA782 /* Resources */ = {
			isa = PBXResourcesBuildPhase;
			buildActionMask = 2147483647;
			files = (
			);
			runOnlyForDeploymentPostprocessing = 0;
		};
/* End PBXResourcesBuildPhase section */

/* Begin PBXShellScriptBuildPhase section */
		0ABEC1B92562ACD00C4B2BD1 /* [CP] Copy Pods Resources */ = {
			isa = PBXShellScriptBuildPhase;
			buildActionMask = 2147483647;
			files = (
			);
			inputPaths = (
			);
			name = "[CP] Copy Pods Resources";
			outputPaths = (
			);
			runOnlyForDeploymentPostprocessing = 0;
			shellPath = /bin/sh;
			shellScript = "\"${SRCROOT}/Pods/Target Support Files/Pods-JHPhotos_Example/Pods-JHPhotos_Example-resources.sh\"\n";
			showEnvVarsInLog = 0;
		};
		176973D8953F501072C5B764 /* [CP] Embed Pods Frameworks */ = {
			isa = PBXShellScriptBuildPhase;
			buildActionMask = 2147483647;
			files = (
			);
			inputPaths = (
			);
			name = "[CP] Embed Pods Frameworks";
			outputPaths = (
			);
			runOnlyForDeploymentPostprocessing = 0;
			shellPath = /bin/sh;
			shellScript = "\"${SRCROOT}/Pods/Target Support Files/Pods-JHPhotos_Tests/Pods-JHPhotos_Tests-frameworks.sh\"\n";
			showEnvVarsInLog = 0;
		};
		706974AFA1B545B6DE5922A1 /* [CP] Copy Pods Resources */ = {
			isa = PBXShellScriptBuildPhase;
			buildActionMask = 2147483647;
			files = (
			);
			inputPaths = (
			);
			name = "[CP] Copy Pods Resources";
			outputPaths = (
			);
			runOnlyForDeploymentPostprocessing = 0;
			shellPath = /bin/sh;
			shellScript = "\"${SRCROOT}/Pods/Target Support Files/Pods-JHPhotos_Tests/Pods-JHPhotos_Tests-resources.sh\"\n";
			showEnvVarsInLog = 0;
		};
		9F3395E5547CBB01FF21FEC2 /* [CP] Check Pods Manifest.lock */ = {
			isa = PBXShellScriptBuildPhase;
			buildActionMask = 2147483647;
			files = (
			);
			inputPaths = (
			);
			name = "[CP] Check Pods Manifest.lock";
			outputPaths = (
			);
			runOnlyForDeploymentPostprocessing = 0;
			shellPath = /bin/sh;
			shellScript = "diff \"${PODS_PODFILE_DIR_PATH}/Podfile.lock\" \"${PODS_ROOT}/Manifest.lock\" > /dev/null\nif [ $? != 0 ] ; then\n    # print error to STDERR\n    echo \"error: The sandbox is not in sync with the Podfile.lock. Run 'pod install' or update your CocoaPods installation.\" >&2\n    exit 1\nfi\n";
			showEnvVarsInLog = 0;
		};
		B0A69BBA7E281244D6D2FCAA /* [CP] Check Pods Manifest.lock */ = {
			isa = PBXShellScriptBuildPhase;
			buildActionMask = 2147483647;
			files = (
			);
			inputPaths = (
			);
			name = "[CP] Check Pods Manifest.lock";
			outputPaths = (
			);
			runOnlyForDeploymentPostprocessing = 0;
			shellPath = /bin/sh;
			shellScript = "diff \"${PODS_PODFILE_DIR_PATH}/Podfile.lock\" \"${PODS_ROOT}/Manifest.lock\" > /dev/null\nif [ $? != 0 ] ; then\n    # print error to STDERR\n    echo \"error: The sandbox is not in sync with the Podfile.lock. Run 'pod install' or update your CocoaPods installation.\" >&2\n    exit 1\nfi\n";
			showEnvVarsInLog = 0;
		};
		E135A8409DD87AF3DE147FA9 /* [CP] Embed Pods Frameworks */ = {
			isa = PBXShellScriptBuildPhase;
			buildActionMask = 2147483647;
			files = (
			);
			inputPaths = (
			);
			name = "[CP] Embed Pods Frameworks";
			outputPaths = (
			);
			runOnlyForDeploymentPostprocessing = 0;
			shellPath = /bin/sh;
			shellScript = "\"${SRCROOT}/Pods/Target Support Files/Pods-JHPhotos_Example/Pods-JHPhotos_Example-frameworks.sh\"\n";
			showEnvVarsInLog = 0;
		};
/* End PBXShellScriptBuildPhase section */

/* Begin PBXSourcesBuildPhase section */
		607FACCC1AFB9204008FA782 /* Sources */ = {
			isa = PBXSourcesBuildPhase;
			buildActionMask = 2147483647;
			files = (
				607FACD81AFB9204008FA782 /* ViewController.swift in Sources */,
				C8A34F5F1F56A2CA00F7B249 /* CropOverlayView.swift in Sources */,
				C8A34F5E1F56A2CA00F7B249 /* CropToolbar.swift in Sources */,
				C8A34F611F56A2CA00F7B249 /* CropImageTool.swift in Sources */,
				C8A7115A1F0CBD33008C0B43 /* UploadViewController.swift in Sources */,
				C8EFCB421F4EC178003F5DEF /* TestViewController.swift in Sources */,
				607FACD61AFB9204008FA782 /* AppDelegate.swift in Sources */,
				C8A34F601F56A2CA00F7B249 /* CropViewController.swift in Sources */,
				C8A34F5D1F56A2CA00F7B249 /* CropView.swift in Sources */,
			);
			runOnlyForDeploymentPostprocessing = 0;
		};
		607FACE11AFB9204008FA782 /* Sources */ = {
			isa = PBXSourcesBuildPhase;
			buildActionMask = 2147483647;
			files = (
				607FACEC1AFB9204008FA782 /* Tests.swift in Sources */,
			);
			runOnlyForDeploymentPostprocessing = 0;
		};
/* End PBXSourcesBuildPhase section */

/* Begin PBXTargetDependency section */
		607FACE71AFB9204008FA782 /* PBXTargetDependency */ = {
			isa = PBXTargetDependency;
			target = 607FACCF1AFB9204008FA782 /* JHPhotos_Example */;
			targetProxy = 607FACE61AFB9204008FA782 /* PBXContainerItemProxy */;
		};
/* End PBXTargetDependency section */

/* Begin PBXVariantGroup section */
		607FACD91AFB9204008FA782 /* Main.storyboard */ = {
			isa = PBXVariantGroup;
			children = (
				607FACDA1AFB9204008FA782 /* Base */,
			);
			name = Main.storyboard;
			sourceTree = "<group>";
		};
		607FACDE1AFB9204008FA782 /* LaunchScreen.xib */ = {
			isa = PBXVariantGroup;
			children = (
				607FACDF1AFB9204008FA782 /* Base */,
			);
			name = LaunchScreen.xib;
			sourceTree = "<group>";
		};
/* End PBXVariantGroup section */

/* Begin XCBuildConfiguration section */
		607FACED1AFB9204008FA782 /* Debug */ = {
			isa = XCBuildConfiguration;
			buildSettings = {
				ALWAYS_SEARCH_USER_PATHS = NO;
				CLANG_CXX_LANGUAGE_STANDARD = "gnu++0x";
				CLANG_CXX_LIBRARY = "libc++";
				CLANG_ENABLE_MODULES = YES;
				CLANG_ENABLE_OBJC_ARC = YES;
				CLANG_WARN_BOOL_CONVERSION = YES;
				CLANG_WARN_CONSTANT_CONVERSION = YES;
				CLANG_WARN_DIRECT_OBJC_ISA_USAGE = YES_ERROR;
				CLANG_WARN_EMPTY_BODY = YES;
				CLANG_WARN_ENUM_CONVERSION = YES;
				CLANG_WARN_INFINITE_RECURSION = YES;
				CLANG_WARN_INT_CONVERSION = YES;
				CLANG_WARN_OBJC_ROOT_CLASS = YES_ERROR;
				CLANG_WARN_SUSPICIOUS_MOVE = YES;
				CLANG_WARN_UNREACHABLE_CODE = YES;
				CLANG_WARN__DUPLICATE_METHOD_MATCH = YES;
				"CODE_SIGN_IDENTITY[sdk=iphoneos*]" = "iPhone Developer";
				COPY_PHASE_STRIP = NO;
				DEBUG_INFORMATION_FORMAT = "dwarf-with-dsym";
				ENABLE_STRICT_OBJC_MSGSEND = YES;
				ENABLE_TESTABILITY = YES;
				GCC_C_LANGUAGE_STANDARD = gnu99;
				GCC_DYNAMIC_NO_PIC = NO;
				GCC_NO_COMMON_BLOCKS = YES;
				GCC_OPTIMIZATION_LEVEL = 0;
				GCC_PREPROCESSOR_DEFINITIONS = (
					"DEBUG=1",
					"$(inherited)",
				);
				GCC_SYMBOLS_PRIVATE_EXTERN = NO;
				GCC_WARN_64_TO_32_BIT_CONVERSION = YES;
				GCC_WARN_ABOUT_RETURN_TYPE = YES_ERROR;
				GCC_WARN_UNDECLARED_SELECTOR = YES;
				GCC_WARN_UNINITIALIZED_AUTOS = YES_AGGRESSIVE;
				GCC_WARN_UNUSED_FUNCTION = YES;
				GCC_WARN_UNUSED_VARIABLE = YES;
				IPHONEOS_DEPLOYMENT_TARGET = 8.3;
				MTL_ENABLE_DEBUG_INFO = YES;
				ONLY_ACTIVE_ARCH = YES;
				SDKROOT = iphoneos;
				SWIFT_OPTIMIZATION_LEVEL = "-Onone";
			};
			name = Debug;
		};
		607FACEE1AFB9204008FA782 /* Release */ = {
			isa = XCBuildConfiguration;
			buildSettings = {
				ALWAYS_SEARCH_USER_PATHS = NO;
				CLANG_CXX_LANGUAGE_STANDARD = "gnu++0x";
				CLANG_CXX_LIBRARY = "libc++";
				CLANG_ENABLE_MODULES = YES;
				CLANG_ENABLE_OBJC_ARC = YES;
				CLANG_WARN_BOOL_CONVERSION = YES;
				CLANG_WARN_CONSTANT_CONVERSION = YES;
				CLANG_WARN_DIRECT_OBJC_ISA_USAGE = YES_ERROR;
				CLANG_WARN_EMPTY_BODY = YES;
				CLANG_WARN_ENUM_CONVERSION = YES;
				CLANG_WARN_INFINITE_RECURSION = YES;
				CLANG_WARN_INT_CONVERSION = YES;
				CLANG_WARN_OBJC_ROOT_CLASS = YES_ERROR;
				CLANG_WARN_SUSPICIOUS_MOVE = YES;
				CLANG_WARN_UNREACHABLE_CODE = YES;
				CLANG_WARN__DUPLICATE_METHOD_MATCH = YES;
				"CODE_SIGN_IDENTITY[sdk=iphoneos*]" = "iPhone Developer";
				COPY_PHASE_STRIP = NO;
				DEBUG_INFORMATION_FORMAT = "dwarf-with-dsym";
				ENABLE_NS_ASSERTIONS = NO;
				ENABLE_STRICT_OBJC_MSGSEND = YES;
				GCC_C_LANGUAGE_STANDARD = gnu99;
				GCC_NO_COMMON_BLOCKS = YES;
				GCC_WARN_64_TO_32_BIT_CONVERSION = YES;
				GCC_WARN_ABOUT_RETURN_TYPE = YES_ERROR;
				GCC_WARN_UNDECLARED_SELECTOR = YES;
				GCC_WARN_UNINITIALIZED_AUTOS = YES_AGGRESSIVE;
				GCC_WARN_UNUSED_FUNCTION = YES;
				GCC_WARN_UNUSED_VARIABLE = YES;
				IPHONEOS_DEPLOYMENT_TARGET = 8.3;
				MTL_ENABLE_DEBUG_INFO = NO;
				SDKROOT = iphoneos;
				SWIFT_OPTIMIZATION_LEVEL = "-Owholemodule";
				VALIDATE_PRODUCT = YES;
			};
			name = Release;
		};
		607FACF01AFB9204008FA782 /* Debug */ = {
			isa = XCBuildConfiguration;
			baseConfigurationReference = D4BC88ACF5DCABF0BDBD2AB1 /* Pods-JHPhotos_Example.debug.xcconfig */;
			buildSettings = {
				ASSETCATALOG_COMPILER_APPICON_NAME = AppIcon;
				DEVELOPMENT_TEAM = L27NWNZJ2R;
				INFOPLIST_FILE = JHPhotos/Info.plist;
				IPHONEOS_DEPLOYMENT_TARGET = 9.0;
				LD_RUNPATH_SEARCH_PATHS = "$(inherited) @executable_path/Frameworks";
				MODULE_NAME = ExampleApp;
				PRODUCT_BUNDLE_IDENTIFIER = "org.cocoapods.demo.$(PRODUCT_NAME:rfc1034identifier)";
				PRODUCT_NAME = "$(TARGET_NAME)";
				SWIFT_VERSION = 3.0;
			};
			name = Debug;
		};
		607FACF11AFB9204008FA782 /* Release */ = {
			isa = XCBuildConfiguration;
			baseConfigurationReference = 6F130EE563C7D4ADEEAF3ECC /* Pods-JHPhotos_Example.release.xcconfig */;
			buildSettings = {
				ASSETCATALOG_COMPILER_APPICON_NAME = AppIcon;
				DEVELOPMENT_TEAM = L27NWNZJ2R;
				INFOPLIST_FILE = JHPhotos/Info.plist;
				IPHONEOS_DEPLOYMENT_TARGET = 9.0;
				LD_RUNPATH_SEARCH_PATHS = "$(inherited) @executable_path/Frameworks";
				MODULE_NAME = ExampleApp;
				PRODUCT_BUNDLE_IDENTIFIER = "org.cocoapods.demo.$(PRODUCT_NAME:rfc1034identifier)";
				PRODUCT_NAME = "$(TARGET_NAME)";
				SWIFT_VERSION = 3.0;
			};
			name = Release;
		};
		607FACF31AFB9204008FA782 /* Debug */ = {
			isa = XCBuildConfiguration;
			baseConfigurationReference = CC236F014BD469B1940743FA /* Pods-JHPhotos_Tests.debug.xcconfig */;
			buildSettings = {
				FRAMEWORK_SEARCH_PATHS = (
					"$(SDKROOT)/Developer/Library/Frameworks",
					"$(inherited)",
				);
				GCC_PREPROCESSOR_DEFINITIONS = (
					"DEBUG=1",
					"$(inherited)",
				);
				INFOPLIST_FILE = Tests/Info.plist;
				LD_RUNPATH_SEARCH_PATHS = "$(inherited) @executable_path/Frameworks @loader_path/Frameworks";
				PRODUCT_BUNDLE_IDENTIFIER = "org.cocoapods.$(PRODUCT_NAME:rfc1034identifier)";
				PRODUCT_NAME = "$(TARGET_NAME)";
				SWIFT_VERSION = 3.0;
			};
			name = Debug;
		};
		607FACF41AFB9204008FA782 /* Release */ = {
			isa = XCBuildConfiguration;
			baseConfigurationReference = EA4E70050F07B9B655BF0CDB /* Pods-JHPhotos_Tests.release.xcconfig */;
			buildSettings = {
				FRAMEWORK_SEARCH_PATHS = (
					"$(SDKROOT)/Developer/Library/Frameworks",
					"$(inherited)",
				);
				INFOPLIST_FILE = Tests/Info.plist;
				LD_RUNPATH_SEARCH_PATHS = "$(inherited) @executable_path/Frameworks @loader_path/Frameworks";
				PRODUCT_BUNDLE_IDENTIFIER = "org.cocoapods.$(PRODUCT_NAME:rfc1034identifier)";
				PRODUCT_NAME = "$(TARGET_NAME)";
				SWIFT_VERSION = 3.0;
			};
			name = Release;
		};
/* End XCBuildConfiguration section */

/* Begin XCConfigurationList section */
		607FACCB1AFB9204008FA782 /* Build configuration list for PBXProject "JHPhotos" */ = {
			isa = XCConfigurationList;
			buildConfigurations = (
				607FACED1AFB9204008FA782 /* Debug */,
				607FACEE1AFB9204008FA782 /* Release */,
			);
			defaultConfigurationIsVisible = 0;
			defaultConfigurationName = Release;
		};
		607FACEF1AFB9204008FA782 /* Build configuration list for PBXNativeTarget "JHPhotos_Example" */ = {
			isa = XCConfigurationList;
			buildConfigurations = (
				607FACF01AFB9204008FA782 /* Debug */,
				607FACF11AFB9204008FA782 /* Release */,
			);
			defaultConfigurationIsVisible = 0;
			defaultConfigurationName = Release;
		};
		607FACF21AFB9204008FA782 /* Build configuration list for PBXNativeTarget "JHPhotos_Tests" */ = {
			isa = XCConfigurationList;
			buildConfigurations = (
				607FACF31AFB9204008FA782 /* Debug */,
				607FACF41AFB9204008FA782 /* Release */,
			);
			defaultConfigurationIsVisible = 0;
			defaultConfigurationName = Release;
		};
/* End XCConfigurationList section */
	};
	rootObject = 607FACC81AFB9204008FA782 /* Project object */;
}
